
Microsoft Visual Studio Solution File, Format Version 12.00
# Visual Studio Version 17
VisualStudioVersion = 17.0.31903.59
MinimumVisualStudioVersion = 10.0.40219.1
Project("{FAE04EC0-301F-11D3-BF4B-00C04F79EFBC}") = "Typefout.App", "Typefout.App\Typefout.App.csproj", "{702D486B-6524-4823-95C8-491C5E15DA99}"
	ProjectSection(ProjectDependencies) = postProject
		{42DE327E-FED9-4155-9C77-9ABEF2E312D1} = {42DE327E-FED9-4155-9C77-9ABEF2E312D1}
		{77DCDB20-C698-4834-9DC3-00E29B2D9A12} = {77DCDB20-C698-4834-9DC3-00E29B2D9A12}
	EndProjectSection
EndProject
Project("{FAE04EC0-301F-11D3-BF4B-00C04F79EFBC}") = "Typefout.Core", "Typefout.Core\Typefout.Core.csproj", "{77DCDB20-C698-4834-9DC3-00E29B2D9A12}"
EndProject
Project("{FAE04EC0-301F-11D3-BF4B-00C04F79EFBC}") = "Typefout.Core.Data", "Typefout.Core.Data\Typefout.Core.Data.csproj", "{42DE327E-FED9-4155-9C77-9ABEF2E312D1}"
	ProjectSection(ProjectDependencies) = postProject
		{77DCDB20-C698-4834-9DC3-00E29B2D9A12} = {77DCDB20-C698-4834-9DC3-00E29B2D9A12}
	EndProjectSection
EndProject
Global
	GlobalSection(SolutionConfigurationPlatforms) = preSolution
		Debug|Any CPU = Debug|Any CPU
		Release|Any CPU = Release|Any CPU
	EndGlobalSection
	GlobalSection(ProjectConfigurationPlatforms) = postSolution
		{702D486B-6524-4823-95C8-491C5E15DA99}.Debug|Any CPU.ActiveCfg = Debug|Any CPU
		{702D486B-6524-4823-95C8-491C5E15DA99}.Debug|Any CPU.Build.0 = Debug|Any CPU
		{702D486B-6524-4823-95C8-491C5E15DA99}.Debug|Any CPU.Deploy.0 = Debug|Any CPU
		{702D486B-6524-4823-95C8-491C5E15DA99}.Release|Any CPU.ActiveCfg = Release|Any CPU
		{702D486B-6524-4823-95C8-491C5E15DA99}.Release|Any CPU.Build.0 = Release|Any CPU
		{77DCDB20-C698-4834-9DC3-00E29B2D9A12}.Debug|Any CPU.ActiveCfg = Debug|Any CPU
		{77DCDB20-C698-4834-9DC3-00E29B2D9A12}.Debug|Any CPU.Build.0 = Debug|Any CPU
		{77DCDB20-C698-4834-9DC3-00E29B2D9A12}.Release|Any CPU.ActiveCfg = Release|Any CPU
		{77DCDB20-C698-4834-9DC3-00E29B2D9A12}.Release|Any CPU.Build.0 = Release|Any CPU
		{42DE327E-FED9-4155-9C77-9ABEF2E312D1}.Debug|Any CPU.ActiveCfg = Debug|Any CPU
		{42DE327E-FED9-4155-9C77-9ABEF2E312D1}.Debug|Any CPU.Build.0 = Debug|Any CPU
		{42DE327E-FED9-4155-9C77-9ABEF2E312D1}.Release|Any CPU.ActiveCfg = Release|Any CPU
		{42DE327E-FED9-4155-9C77-9ABEF2E312D1}.Release|Any CPU.Build.0 = Release|Any CPU
	EndGlobalSection
	GlobalSection(SolutionProperties) = preSolution
		HideSolutionNode = FALSE
	EndGlobalSection
	GlobalSection(ExtensibilityGlobals) = postSolution
		SolutionGuid = {CDAC7439-7CAC-4006-9AB8-328A74DBE619}
	EndGlobalSection
EndGlobal
